
Microsoft Visual Studio Solution File, Format Version 12.00
# Visual Studio Version 17
VisualStudioVersion = 17.0.31903.59
MinimumVisualStudioVersion = 10.0.40219.1
Project("{2150E333-8FDC-42A3-9474-1A3956D46DE8}") = "redmine", "redmine", "{C335368F-D5F7-5849-35B3-C8C45601FFE2}"
EndProject
Project("{2150E333-8FDC-42A3-9474-1A3956D46DE8}") = "Api", "Api", "{CEDA35AC-DB07-70FA-D952-ECE9D464AF2E}"
EndProject
Project("{FAE04EC0-301F-11D3-BF4B-00C04F79EFBC}") = "Redmine.Api", "redmine\Api\Redmine.Api.csproj", "{990774E5-7E0A-4612-AD05-8D341F8BA567}"
EndProject
Project("{2150E333-8FDC-42A3-9474-1A3956D46DE8}") = "Application", "Application", "{6AAC6717-0ECE-B9A9-0230-05B050ABC6F3}"
EndProject
Project("{FAE04EC0-301F-11D3-BF4B-00C04F79EFBC}") = "Redmine.Application", "redmine\Application\Redmine.Application.csproj", "{5C053119-1B8B-41DE-9E0D-3B71F79E44E3}"
EndProject
Project("{2150E333-8FDC-42A3-9474-1A3956D46DE8}") = "Domain", "Domain", "{653738C9-882B-FB1E-767C-2486429F49DD}"
EndProject
Project("{FAE04EC0-301F-11D3-BF4B-00C04F79EFBC}") = "Redmine.Domain", "redmine\Domain\Redmine.Domain.csproj", "{45719B4F-C3B0-46FA-9F30-5E3BB90B936F}"
EndProject
Project("{2150E333-8FDC-42A3-9474-1A3956D46DE8}") = "Infrastructure", "Infrastructure", "{FCBD70EB-DF09-C5D9-5C65-17AA6D344ECA}"
EndProject
Project("{FAE04EC0-301F-11D3-BF4B-00C04F79EFBC}") = "Redmine.Infrastructure", "redmine\Infrastructure\Redmine.Infrastructure.csproj", "{37721EF9-62F8-4394-BDF1-A6601189FD47}"
EndProject
Project("{2150E333-8FDC-42A3-9474-1A3956D46DE8}") = "Services", "Services", "{90172BB1-45FA-6C63-78E6-79D7A97B8B94}"
EndProject
Project("{FAE04EC0-301F-11D3-BF4B-00C04F79EFBC}") = "Redmine.Services", "redmine\Services\Redmine.Services.csproj", "{C968E448-7763-45F5-AF41-D922F621942B}"
EndProject
Project("{2150E333-8FDC-42A3-9474-1A3956D46DE8}") = "tests", "tests", "{0AB3BF05-4346-4AA6-1389-037BE0695223}"
EndProject
Project("{2150E333-8FDC-42A3-9474-1A3956D46DE8}") = "Unit", "Unit", "{9D556B49-86D1-93A7-9596-FFAAB74EC556}"
EndProject
Project("{FAE04EC0-301F-11D3-BF4B-00C04F79EFBC}") = "Redmine.Tests.Unit", "tests\Unit\Redmine.Tests.Unit.csproj", "{53E85989-3686-42C8-8B2E-A6273EB61556}"
EndProject
Project("{2150E333-8FDC-42A3-9474-1A3956D46DE8}") = "Integration", "Integration", "{28A6993C-471E-82FE-7D9E-AD3B1EC22BD9}"
EndProject
Project("{FAE04EC0-301F-11D3-BF4B-00C04F79EFBC}") = "Redmine.Tests.Integration", "tests\Integration\Redmine.Tests.Integration.csproj", "{577C770D-27E5-470A-97E8-9267286077C7}"
EndProject
Global
	GlobalSection(SolutionConfigurationPlatforms) = preSolution
		Debug|Any CPU = Debug|Any CPU
		Debug|x64 = Debug|x64
		Debug|x86 = Debug|x86
		Release|Any CPU = Release|Any CPU
		Release|x64 = Release|x64
		Release|x86 = Release|x86
	EndGlobalSection
	GlobalSection(ProjectConfigurationPlatforms) = postSolution
		{990774E5-7E0A-4612-AD05-8D341F8BA567}.Debug|Any CPU.ActiveCfg = Debug|Any CPU
		{990774E5-7E0A-4612-AD05-8D341F8BA567}.Debug|Any CPU.Build.0 = Debug|Any CPU
		{990774E5-7E0A-4612-AD05-8D341F8BA567}.Debug|x64.ActiveCfg = Debug|Any CPU
		{990774E5-7E0A-4612-AD05-8D341F8BA567}.Debug|x64.Build.0 = Debug|Any CPU
		{990774E5-7E0A-4612-AD05-8D341F8BA567}.Debug|x86.ActiveCfg = Debug|Any CPU
		{990774E5-7E0A-4612-AD05-8D341F8BA567}.Debug|x86.Build.0 = Debug|Any CPU
		{990774E5-7E0A-4612-AD05-8D341F8BA567}.Release|Any CPU.ActiveCfg = Release|Any CPU
		{990774E5-7E0A-4612-AD05-8D341F8BA567}.Release|Any CPU.Build.0 = Release|Any CPU
		{990774E5-7E0A-4612-AD05-8D341F8BA567}.Release|x64.ActiveCfg = Release|Any CPU
		{990774E5-7E0A-4612-AD05-8D341F8BA567}.Release|x64.Build.0 = Release|Any CPU
		{990774E5-7E0A-4612-AD05-8D341F8BA567}.Release|x86.ActiveCfg = Release|Any CPU
		{990774E5-7E0A-4612-AD05-8D341F8BA567}.Release|x86.Build.0 = Release|Any CPU
		{5C053119-1B8B-41DE-9E0D-3B71F79E44E3}.Debug|Any CPU.ActiveCfg = Debug|Any CPU
		{5C053119-1B8B-41DE-9E0D-3B71F79E44E3}.Debug|Any CPU.Build.0 = Debug|Any CPU
		{5C053119-1B8B-41DE-9E0D-3B71F79E44E3}.Debug|x64.ActiveCfg = Debug|Any CPU
		{5C053119-1B8B-41DE-9E0D-3B71F79E44E3}.Debug|x64.Build.0 = Debug|Any CPU
		{5C053119-1B8B-41DE-9E0D-3B71F79E44E3}.Debug|x86.ActiveCfg = Debug|Any CPU
		{5C053119-1B8B-41DE-9E0D-3B71F79E44E3}.Debug|x86.Build.0 = Debug|Any CPU
		{5C053119-1B8B-41DE-9E0D-3B71F79E44E3}.Release|Any CPU.ActiveCfg = Release|Any CPU
		{5C053119-1B8B-41DE-9E0D-3B71F79E44E3}.Release|Any CPU.Build.0 = Release|Any CPU
		{5C053119-1B8B-41DE-9E0D-3B71F79E44E3}.Release|x64.ActiveCfg = Release|Any CPU
		{5C053119-1B8B-41DE-9E0D-3B71F79E44E3}.Release|x64.Build.0 = Release|Any CPU
		{5C053119-1B8B-41DE-9E0D-3B71F79E44E3}.Release|x86.ActiveCfg = Release|Any CPU
		{5C053119-1B8B-41DE-9E0D-3B71F79E44E3}.Release|x86.Build.0 = Release|Any CPU
		{45719B4F-C3B0-46FA-9F30-5E3BB90B936F}.Debug|Any CPU.ActiveCfg = Debug|Any CPU
		{45719B4F-C3B0-46FA-9F30-5E3BB90B936F}.Debug|Any CPU.Build.0 = Debug|Any CPU
		{45719B4F-C3B0-46FA-9F30-5E3BB90B936F}.Debug|x64.ActiveCfg = Debug|Any CPU
		{45719B4F-C3B0-46FA-9F30-5E3BB90B936F}.Debug|x64.Build.0 = Debug|Any CPU
		{45719B4F-C3B0-46FA-9F30-5E3BB90B936F}.Debug|x86.ActiveCfg = Debug|Any CPU
		{45719B4F-C3B0-46FA-9F30-5E3BB90B936F}.Debug|x86.Build.0 = Debug|Any CPU
		{45719B4F-C3B0-46FA-9F30-5E3BB90B936F}.Release|Any CPU.ActiveCfg = Release|Any CPU
		{45719B4F-C3B0-46FA-9F30-5E3BB90B936F}.Release|Any CPU.Build.0 = Release|Any CPU
		{45719B4F-C3B0-46FA-9F30-5E3BB90B936F}.Release|x64.ActiveCfg = Release|Any CPU
		{45719B4F-C3B0-46FA-9F30-5E3BB90B936F}.Release|x64.Build.0 = Release|Any CPU
		{45719B4F-C3B0-46FA-9F30-5E3BB90B936F}.Release|x86.ActiveCfg = Release|Any CPU
		{45719B4F-C3B0-46FA-9F30-5E3BB90B936F}.Release|x86.Build.0 = Release|Any CPU
		{37721EF9-62F8-4394-BDF1-A6601189FD47}.Debug|Any CPU.ActiveCfg = Debug|Any CPU
		{37721EF9-62F8-4394-BDF1-A6601189FD47}.Debug|Any CPU.Build.0 = Debug|Any CPU
		{37721EF9-62F8-4394-BDF1-A6601189FD47}.Debug|x64.ActiveCfg = Debug|Any CPU
		{37721EF9-62F8-4394-BDF1-A6601189FD47}.Debug|x64.Build.0 = Debug|Any CPU
		{37721EF9-62F8-4394-BDF1-A6601189FD47}.Debug|x86.ActiveCfg = Debug|Any CPU
		{37721EF9-62F8-4394-BDF1-A6601189FD47}.Debug|x86.Build.0 = Debug|Any CPU
		{37721EF9-62F8-4394-BDF1-A6601189FD47}.Release|Any CPU.ActiveCfg = Release|Any CPU
		{37721EF9-62F8-4394-BDF1-A6601189FD47}.Release|Any CPU.Build.0 = Release|Any CPU
		{37721EF9-62F8-4394-BDF1-A6601189FD47}.Release|x64.ActiveCfg = Release|Any CPU
		{37721EF9-62F8-4394-BDF1-A6601189FD47}.Release|x64.Build.0 = Release|Any CPU
		{37721EF9-62F8-4394-BDF1-A6601189FD47}.Release|x86.ActiveCfg = Release|Any CPU
		{37721EF9-62F8-4394-BDF1-A6601189FD47}.Release|x86.Build.0 = Release|Any CPU
		{C968E448-7763-45F5-AF41-D922F621942B}.Debug|Any CPU.ActiveCfg = Debug|Any CPU
		{C968E448-7763-45F5-AF41-D922F621942B}.Debug|Any CPU.Build.0 = Debug|Any CPU
		{C968E448-7763-45F5-AF41-D922F621942B}.Debug|x64.ActiveCfg = Debug|Any CPU
		{C968E448-7763-45F5-AF41-D922F621942B}.Debug|x64.Build.0 = Debug|Any CPU
		{C968E448-7763-45F5-AF41-D922F621942B}.Debug|x86.ActiveCfg = Debug|Any CPU
		{C968E448-7763-45F5-AF41-D922F621942B}.Debug|x86.Build.0 = Debug|Any CPU
		{C968E448-7763-45F5-AF41-D922F621942B}.Release|Any CPU.ActiveCfg = Release|Any CPU
		{C968E448-7763-45F5-AF41-D922F621942B}.Release|Any CPU.Build.0 = Release|Any CPU
		{C968E448-7763-45F5-AF41-D922F621942B}.Release|x64.ActiveCfg = Release|Any CPU
		{C968E448-7763-45F5-AF41-D922F621942B}.Release|x64.Build.0 = Release|Any CPU
		{C968E448-7763-45F5-AF41-D922F621942B}.Release|x86.ActiveCfg = Release|Any CPU
		{C968E448-7763-45F5-AF41-D922F621942B}.Release|x86.Build.0 = Release|Any CPU
		{53E85989-3686-42C8-8B2E-A6273EB61556}.Debug|Any CPU.ActiveCfg = Debug|Any CPU
		{53E85989-3686-42C8-8B2E-A6273EB61556}.Debug|Any CPU.Build.0 = Debug|Any CPU
		{53E85989-3686-42C8-8B2E-A6273EB61556}.Debug|x64.ActiveCfg = Debug|Any CPU
		{53E85989-3686-42C8-8B2E-A6273EB61556}.Debug|x64.Build.0 = Debug|Any CPU
		{53E85989-3686-42C8-8B2E-A6273EB61556}.Debug|x86.ActiveCfg = Debug|Any CPU
		{53E85989-3686-42C8-8B2E-A6273EB61556}.Debug|x86.Build.0 = Debug|Any CPU
		{53E85989-3686-42C8-8B2E-A6273EB61556}.Release|Any CPU.ActiveCfg = Release|Any CPU
		{53E85989-3686-42C8-8B2E-A6273EB61556}.Release|Any CPU.Build.0 = Release|Any CPU
		{53E85989-3686-42C8-8B2E-A6273EB61556}.Release|x64.ActiveCfg = Release|Any CPU
		{53E85989-3686-42C8-8B2E-A6273EB61556}.Release|x64.Build.0 = Release|Any CPU
		{53E85989-3686-42C8-8B2E-A6273EB61556}.Release|x86.ActiveCfg = Release|Any CPU
		{53E85989-3686-42C8-8B2E-A6273EB61556}.Release|x86.Build.0 = Release|Any CPU
		{577C770D-27E5-470A-97E8-9267286077C7}.Debug|Any CPU.ActiveCfg = Debug|Any CPU
		{577C770D-27E5-470A-97E8-9267286077C7}.Debug|Any CPU.Build.0 = Debug|Any CPU
		{577C770D-27E5-470A-97E8-9267286077C7}.Debug|x64.ActiveCfg = Debug|Any CPU
		{577C770D-27E5-470A-97E8-9267286077C7}.Debug|x64.Build.0 = Debug|Any CPU
		{577C770D-27E5-470A-97E8-9267286077C7}.Debug|x86.ActiveCfg = Debug|Any CPU
		{577C770D-27E5-470A-97E8-9267286077C7}.Debug|x86.Build.0 = Debug|Any CPU
		{577C770D-27E5-470A-97E8-9267286077C7}.Release|Any CPU.ActiveCfg = Release|Any CPU
		{577C770D-27E5-470A-97E8-9267286077C7}.Release|Any CPU.Build.0 = Release|Any CPU
		{577C770D-27E5-470A-97E8-9267286077C7}.Release|x64.ActiveCfg = Release|Any CPU
		{577C770D-27E5-470A-97E8-9267286077C7}.Release|x64.Build.0 = Release|Any CPU
		{577C770D-27E5-470A-97E8-9267286077C7}.Release|x86.ActiveCfg = Release|Any CPU
		{577C770D-27E5-470A-97E8-9267286077C7}.Release|x86.Build.0 = Release|Any CPU
	EndGlobalSection
	GlobalSection(SolutionProperties) = preSolution
		HideSolutionNode = FALSE
	EndGlobalSection
	GlobalSection(NestedProjects) = preSolution
		{CEDA35AC-DB07-70FA-D952-ECE9D464AF2E} = {C335368F-D5F7-5849-35B3-C8C45601FFE2}
		{990774E5-7E0A-4612-AD05-8D341F8BA567} = {CEDA35AC-DB07-70FA-D952-ECE9D464AF2E}
		{6AAC6717-0ECE-B9A9-0230-05B050ABC6F3} = {C335368F-D5F7-5849-35B3-C8C45601FFE2}
		{5C053119-1B8B-41DE-9E0D-3B71F79E44E3} = {6AAC6717-0ECE-B9A9-0230-05B050ABC6F3}
		{653738C9-882B-FB1E-767C-2486429F49DD} = {C335368F-D5F7-5849-35B3-C8C45601FFE2}
		{45719B4F-C3B0-46FA-9F30-5E3BB90B936F} = {653738C9-882B-FB1E-767C-2486429F49DD}
		{FCBD70EB-DF09-C5D9-5C65-17AA6D344ECA} = {C335368F-D5F7-5849-35B3-C8C45601FFE2}
		{37721EF9-62F8-4394-BDF1-A6601189FD47} = {FCBD70EB-DF09-C5D9-5C65-17AA6D344ECA}
		{90172BB1-45FA-6C63-78E6-79D7A97B8B94} = {C335368F-D5F7-5849-35B3-C8C45601FFE2}
		{C968E448-7763-45F5-AF41-D922F621942B} = {90172BB1-45FA-6C63-78E6-79D7A97B8B94}
		{9D556B49-86D1-93A7-9596-FFAAB74EC556} = {0AB3BF05-4346-4AA6-1389-037BE0695223}
		{53E85989-3686-42C8-8B2E-A6273EB61556} = {9D556B49-86D1-93A7-9596-FFAAB74EC556}
		{28A6993C-471E-82FE-7D9E-AD3B1EC22BD9} = {0AB3BF05-4346-4AA6-1389-037BE0695223}
		{577C770D-27E5-470A-97E8-9267286077C7} = {28A6993C-471E-82FE-7D9E-AD3B1EC22BD9}
	EndGlobalSection
EndGlobal
